
Microsoft Visual Studio Solution File, Format Version 12.00
# Visual Studio Version 16
VisualStudioVersion = 16.0.29814.53
MinimumVisualStudioVersion = 10.0.40219.1
Project("{8BC9CEB8-8B4A-11D0-8D11-00A0C91BC942}") = "01_Native", "01_Native\01_Native.vcxproj", "{40F6F5EE-311E-4899-BAB1-E87E0A9C4BBB}"
EndProject
Project("{8BC9CEB8-8B4A-11D0-8D11-00A0C91BC942}") = "02_Depends", "02_Depends\02_Depends.vcxproj", "{1918C354-67BB-4840-A824-1A11EDE32F09}"
EndProject
Project("{8BC9CEB8-8B4A-11D0-8D11-00A0C91BC942}") = "03_DynamicLibrary", "03_DynamicLibrary\03_DynamicLibrary.vcxproj", "{3FB60EC3-803B-45E1-B02F-F8773D716DBD}"
EndProject
Project("{8BC9CEB8-8B4A-11D0-8D11-00A0C91BC942}") = "04_ImplicitDll", "04_ImplicitDll\04_ImplicitDll.vcxproj", "{287CD84C-7793-44A8-A103-6945A0559093}"
EndProject
Project("{8BC9CEB8-8B4A-11D0-8D11-00A0C91BC942}") = "05_ExplicitDll", "05_ExplicitDll\05_ExplicitDll.vcxproj", "{FB0C52C4-6A85-4A8C-A368-A5C0A0CE4354}"
EndProject
Project("{8BC9CEB8-8B4A-11D0-8D11-00A0C91BC942}") = "06_DllPureLibrary", "06_DllPureLibrary\06_DllPureLibrary.vcxproj", "{AC1AC30E-2806-467C-A807-FF0D1FCF60EA}"
EndProject
Project("{8BC9CEB8-8B4A-11D0-8D11-00A0C91BC942}") = "07_SetLocale", "07_SetLocale\07_SetLocale.vcxproj", "{D4A4927C-33A8-45C1-916B-3DF73E5B400A}"
EndProject
Project("{8BC9CEB8-8B4A-11D0-8D11-00A0C91BC942}") = "08_ErrorHandler", "08_ErrorHandler\08_ErrorHandler.vcxproj", "{E28086BA-F257-455A-BF3B-9E7CF3ACF008}"
EndProject
Project("{8BC9CEB8-8B4A-11D0-8D11-00A0C91BC942}") = "00_Gui", "00_Gui\00_Gui.vcxproj", "{B241B076-2881-492D-83FC-7EB4CB31569B}"
EndProject
Project("{8BC9CEB8-8B4A-11D0-8D11-00A0C91BC942}") = "09_SecurityAttribute", "09_SecurityAttribute\09_SecurityAttribute.vcxproj", "{27825A5D-367F-42F3-B8B4-D9FFFA12F89D}"
EndProject
Project("{8BC9CEB8-8B4A-11D0-8D11-00A0C91BC942}") = "10_Protection", "10_Protection\10_Protection.vcxproj", "{952C6B3E-836C-429D-89E1-63DDEDCE49EA}"
EndProject
Project("{8BC9CEB8-8B4A-11D0-8D11-00A0C91BC942}") = "11_CreateThread", "11_CreateThread\11_CreateThread.vcxproj", "{4487E2CE-2D12-4BEB-A6FD-178DF1214DCD}"
EndProject
Project("{8BC9CEB8-8B4A-11D0-8D11-00A0C91BC942}") = "12_GetModuleHandle", "12_GetModuleHandle\12_GetModuleHandle.vcxproj", "{794D8462-6A5C-47B9-A87E-71EFD397D085}"
EndProject
Project("{8BC9CEB8-8B4A-11D0-8D11-00A0C91BC942}") = "13_LoadResources", "13_LoadResources\13_LoadResources.vcxproj", "{3CBE0821-4154-4086-8A52-65DF2D36606F}"
EndProject
Project("{8BC9CEB8-8B4A-11D0-8D11-00A0C91BC942}") = "14_Commands", "14_Commands\14_Commands.vcxproj", "{BD73485F-CB8B-41BB-A1CB-E8CADAE7085B}"
EndProject
Project("{8BC9CEB8-8B4A-11D0-8D11-00A0C91BC942}") = "15_Version", "15_Version\15_Version.vcxproj", "{AAD94E28-0002-4514-B079-8ED8B4F2B581}"
EndProject
Project("{8BC9CEB8-8B4A-11D0-8D11-00A0C91BC942}") = "16_OSInfo", "16_OSInfo\16_OSInfo.vcxproj", "{34484F88-0945-4474-9592-F63C05015859}"
EndProject
Project("{8BC9CEB8-8B4A-11D0-8D11-00A0C91BC942}") = "17_CreateProcess", "17_CreateProcess\17_CreateProcess.vcxproj", "{C9975624-9A98-4F8C-858F-F0659F6C463B}"
EndProject
Project("{8BC9CEB8-8B4A-11D0-8D11-00A0C91BC942}") = "18_ParentProcess", "18_ParentProcess\18_ParentProcess.vcxproj", "{ABD235C9-B7FF-4B72-81E0-733BCDB02148}"
EndProject
Project("{8BC9CEB8-8B4A-11D0-8D11-00A0C91BC942}") = "19_ChildProcess", "19_ChildProcess\19_ChildProcess.vcxproj", "{997852C0-DD2E-4625-A5C8-4724801E316A}"
EndProject
Project("{8BC9CEB8-8B4A-11D0-8D11-00A0C91BC942}") = "20_GetResultChild", "20_GetResultChild\20_GetResultChild.vcxproj", "{866BD67B-655C-420D-99BF-DA17C3349811}"
EndProject
Project("{8BC9CEB8-8B4A-11D0-8D11-00A0C91BC942}") = "21_ResourceManagment", "21_ResourceManagment\21_ResourceManagment.vcxproj", "{8DADED31-6995-4FCE-B544-B27C41B45989}"
EndProject
Project("{8BC9CEB8-8B4A-11D0-8D11-00A0C91BC942}") = "22_UAC", "22_UAC\22_UAC.vcxproj", "{70B49E95-CE2A-4D87-B9E7-70496A9064D0}"
EndProject
Project("{8BC9CEB8-8B4A-11D0-8D11-00A0C91BC942}") = "23_Jobs", "23_Jobs\23_Jobs.vcxproj", "{68A07E1C-5E4F-4FC9-BCAD-7D419A5FF377}"
EndProject
Project("{8BC9CEB8-8B4A-11D0-8D11-00A0C91BC942}") = "24_MNote", "24_MNote\24_MNote.vcxproj", "{F4507546-D302-49A0-8BA5-35041C6D4239}"
EndProject
Project("{8BC9CEB8-8B4A-11D0-8D11-00A0C91BC942}") = "25_Attribute", "25_Attribute\25_Attribute.vcxproj", "{D19F2FC1-FD2F-4195-99A2-B12D96F1C148}"
EndProject
Project("{8BC9CEB8-8B4A-11D0-8D11-00A0C91BC942}") = "26_TickCount", "26_TickCount\26_TickCount.vcxproj", "{EF232E43-BD7F-4A67-926C-612324870035}"
EndProject
Project("{8BC9CEB8-8B4A-11D0-8D11-00A0C91BC942}") = "27_SandboxCreateFile", "27_SandboxCreateFile\27_SandboxCreateFile.vcxproj", "{9D6F47BB-D086-4BB3-AF3B-677028C1B917}"
EndProject
Project("{8BC9CEB8-8B4A-11D0-8D11-00A0C91BC942}") = "28_Threading", "28_Threading\28_Threading.vcxproj", "{4E33C35D-0AE3-4E7E-A586-DEC73B26BB45}"
EndProject
Project("{8BC9CEB8-8B4A-11D0-8D11-00A0C91BC942}") = "29_Registry", "29_Registry\29_Registry.vcxproj", "{4EACA7DE-D7B1-4D90-B8F7-640342FC1EF7}"
EndProject
Project("{8BC9CEB8-8B4A-11D0-8D11-00A0C91BC942}") = "30_BeginThread", "30_BeginThread\30_BeginThread.vcxproj", "{3AED2B5E-4CA1-49ED-A3C4-B68EDA8145C4}"
EndProject
Project("{8BC9CEB8-8B4A-11D0-8D11-00A0C91BC942}") = "31_Fibers", "31_Fibers\31_Fibers.vcxproj", "{7CDB6DBD-9FD6-4150-82E4-A810CD5AC9DA}"
EndProject
Project("{8BC9CEB8-8B4A-11D0-8D11-00A0C91BC942}") = "32_StringReverse", "32_StringReverse\32_StringReverse.vcxproj", "{5601DC02-5D9D-426D-9F10-D1BC143AC64E}"
EndProject
Project("{8BC9CEB8-8B4A-11D0-8D11-00A0C91BC942}") = "33_ContextThread", "33_ContextThread\33_ContextThread.vcxproj", "{79DAB133-1EF8-46E8-81B0-6403E71052FC}"
EndProject
Project("{8BC9CEB8-8B4A-11D0-8D11-00A0C91BC942}") = "34_ThreadOrdering", "34_ThreadOrdering\34_ThreadOrdering.vcxproj", "{8BCADD8F-CC4E-4042-9657-D217798F2FEA}"
EndProject
Project("{8BC9CEB8-8B4A-11D0-8D11-00A0C91BC942}") = "35_ThreadBoost", "35_ThreadBoost\35_ThreadBoost.vcxproj", "{84B680ED-C3C3-46B0-9CCF-5AE3A6CB5EA4}"
EndProject
Project("{8BC9CEB8-8B4A-11D0-8D11-00A0C91BC942}") = "36_ThreadAffinity", "36_ThreadAffinity\36_ThreadAffinity.vcxproj", "{86E65EC6-9BBB-4A4F-89F7-47E599AC266C}"
EndProject
Project("{8BC9CEB8-8B4A-11D0-8D11-00A0C91BC942}") = "37_Interlocked", "37_Interlocked\37_Interlocked.vcxproj", "{2F4773F6-FE44-4B6B-85B2-1CCD36E581FC}"
EndProject
Project("{8BC9CEB8-8B4A-11D0-8D11-00A0C91BC942}") = "38_SetContext", "38_SetContext\38_SetContext.vcxproj", "{35462B4F-C8F4-46F7-B1F3-DB5B5B980211}"
EndProject
Project("{8BC9CEB8-8B4A-11D0-8D11-00A0C91BC942}") = "39_CacheLines", "39_CacheLines\39_CacheLines.vcxproj", "{6D883129-5C44-489D-84EB-1F1EF34F292F}"
EndProject
Project("{8BC9CEB8-8B4A-11D0-8D11-00A0C91BC942}") = "40_CriticalSection", "40_CriticalSection\40_CriticalSection.vcxproj", "{ED53DB85-6BC1-4C78-87FE-F390DDDDEE07}"
EndProject
Project("{8BC9CEB8-8B4A-11D0-8D11-00A0C91BC942}") = "41_SpinLock", "41_SpinLock\41_SpinLock.vcxproj", "{E3F41E23-61F1-4CF3-986C-935423B43ED9}"
EndProject
Project("{8BC9CEB8-8B4A-11D0-8D11-00A0C91BC942}") = "42_SRWLock", "42_SRWLock\42_SRWLock.vcxproj", "{02391F27-DC8A-4A48-BC4A-F402D679589F}"
EndProject
Project("{8BC9CEB8-8B4A-11D0-8D11-00A0C91BC942}") = "43_ConditionVariable", "43_ConditionVariable\43_ConditionVariable.vcxproj", "{D946818C-88CC-4F4C-8653-BB8388D7A491}"
EndProject
Project("{8BC9CEB8-8B4A-11D0-8D11-00A0C91BC942}") = "44_CreateEvents", "44_CreateEvents\44_CreateEvents.vcxproj", "{3FEA75C2-1F36-46DA-9B70-58285DE9DAA5}"
EndProject
Project("{8BC9CEB8-8B4A-11D0-8D11-00A0C91BC942}") = "45_WaitableTimer", "45_WaitableTimer\45_WaitableTimer.vcxproj", "{AD7FE709-B831-42DC-84AC-BB7276103D9F}"
EndProject
Project("{8BC9CEB8-8B4A-11D0-8D11-00A0C91BC942}") = "46_APCQueue", "46_APCQueue\46_APCQueue.vcxproj", "{D2CE8E80-689A-46DF-BEAA-3FCD8E4FB4D9}"
EndProject
Project("{8BC9CEB8-8B4A-11D0-8D11-00A0C91BC942}") = "47_Semaphore", "47_Semaphore\47_Semaphore.vcxproj", "{E5145E00-6142-44B6-AA6F-7E37FF04E037}"
EndProject
Project("{8BC9CEB8-8B4A-11D0-8D11-00A0C91BC942}") = "48_Mutex", "48_Mutex\48_Mutex.vcxproj", "{498A28C8-D58F-425F-88A5-80CFD4F2EB49}"
EndProject
Project("{8BC9CEB8-8B4A-11D0-8D11-00A0C91BC942}") = "49_SplitFiles", "49_SplitFiles\49_SplitFiles.vcxproj", "{EF5DDC6D-D3A0-478C-B1FB-19B3E4A6AE59}"
EndProject
Project("{8BC9CEB8-8B4A-11D0-8D11-00A0C91BC942}") = "50_QueryInformation", "50_QueryInformation\50_QueryInformation.vcxproj", "{1679E48D-C65A-494C-A03F-FCEC1696DEA8}"
EndProject
Project("{8BC9CEB8-8B4A-11D0-8D11-00A0C91BC942}") = "51_AsyncIO", "51_AsyncIO\51_AsyncIO.vcxproj", "{99DF20E6-43E6-4788-A983-672637CB9E0B}"
EndProject
Project("{8BC9CEB8-8B4A-11D0-8D11-00A0C91BC942}") = "52_DynamicMemory", "52_DynamicMemory\52_DynamicMemory.vcxproj", "{F6841C01-0CEF-4D1E-917B-86BD7395172C}"
EndProject
Project("{8BC9CEB8-8B4A-11D0-8D11-00A0C91BC942}") = "53_WaitChainTraversal", "53_WaitChainTraversal\53_WaitChainTraversal.vcxproj", "{C6CE7D9C-5279-4EF3-8E37-D449A9E8A666}"
EndProject
Project("{8BC9CEB8-8B4A-11D0-8D11-00A0C91BC942}") = "54_GetFileType", "54_GetFileType\54_GetFileType.vcxproj", "{7E53D0C1-F983-41F8-BC20-3FF6C1775699}"
EndProject
Project("{8BC9CEB8-8B4A-11D0-8D11-00A0C91BC942}") = "55_Overlapped", "55_Overlapped\55_Overlapped.vcxproj", "{3A3E4E6B-2DD2-4798-A632-F6D6629BC9C4}"
EndProject
Project("{8BC9CEB8-8B4A-11D0-8D11-00A0C91BC942}") = "56_IO-Overlapped", "56_IO-Overlapped\56_IO-Overlapped.vcxproj", "{BD39B682-E571-4E94-A1CF-8318E474326A}"
EndProject
Project("{8BC9CEB8-8B4A-11D0-8D11-00A0C91BC942}") = "57_ThreadPool", "57_ThreadPool\57_ThreadPool.vcxproj", "{CF7E0A45-81E0-4797-8F59-BA193E4E7A57}"
EndProject
Global
	GlobalSection(SolutionConfigurationPlatforms) = preSolution
		Debug|x64 = Debug|x64
		Debug|x86 = Debug|x86
		Release|x64 = Release|x64
		Release|x86 = Release|x86
	EndGlobalSection
	GlobalSection(ProjectConfigurationPlatforms) = postSolution
		{40F6F5EE-311E-4899-BAB1-E87E0A9C4BBB}.Debug|x64.ActiveCfg = Debug|x64
		{40F6F5EE-311E-4899-BAB1-E87E0A9C4BBB}.Debug|x64.Build.0 = Debug|x64
		{40F6F5EE-311E-4899-BAB1-E87E0A9C4BBB}.Debug|x86.ActiveCfg = Debug|Win32
		{40F6F5EE-311E-4899-BAB1-E87E0A9C4BBB}.Debug|x86.Build.0 = Debug|Win32
		{40F6F5EE-311E-4899-BAB1-E87E0A9C4BBB}.Release|x64.ActiveCfg = Release|x64
		{40F6F5EE-311E-4899-BAB1-E87E0A9C4BBB}.Release|x64.Build.0 = Release|x64
		{40F6F5EE-311E-4899-BAB1-E87E0A9C4BBB}.Release|x86.ActiveCfg = Release|Win32
		{40F6F5EE-311E-4899-BAB1-E87E0A9C4BBB}.Release|x86.Build.0 = Release|Win32
		{1918C354-67BB-4840-A824-1A11EDE32F09}.Debug|x64.ActiveCfg = Debug|x64
		{1918C354-67BB-4840-A824-1A11EDE32F09}.Debug|x64.Build.0 = Debug|x64
		{1918C354-67BB-4840-A824-1A11EDE32F09}.Debug|x86.ActiveCfg = Debug|Win32
		{1918C354-67BB-4840-A824-1A11EDE32F09}.Debug|x86.Build.0 = Debug|Win32
		{1918C354-67BB-4840-A824-1A11EDE32F09}.Release|x64.ActiveCfg = Release|x64
		{1918C354-67BB-4840-A824-1A11EDE32F09}.Release|x64.Build.0 = Release|x64
		{1918C354-67BB-4840-A824-1A11EDE32F09}.Release|x86.ActiveCfg = Release|Win32
		{1918C354-67BB-4840-A824-1A11EDE32F09}.Release|x86.Build.0 = Release|Win32
		{3FB60EC3-803B-45E1-B02F-F8773D716DBD}.Debug|x64.ActiveCfg = Debug|x64
		{3FB60EC3-803B-45E1-B02F-F8773D716DBD}.Debug|x64.Build.0 = Debug|x64
		{3FB60EC3-803B-45E1-B02F-F8773D716DBD}.Debug|x86.ActiveCfg = Debug|Win32
		{3FB60EC3-803B-45E1-B02F-F8773D716DBD}.Debug|x86.Build.0 = Debug|Win32
		{3FB60EC3-803B-45E1-B02F-F8773D716DBD}.Release|x64.ActiveCfg = Release|x64
		{3FB60EC3-803B-45E1-B02F-F8773D716DBD}.Release|x64.Build.0 = Release|x64
		{3FB60EC3-803B-45E1-B02F-F8773D716DBD}.Release|x86.ActiveCfg = Release|Win32
		{3FB60EC3-803B-45E1-B02F-F8773D716DBD}.Release|x86.Build.0 = Release|Win32
		{287CD84C-7793-44A8-A103-6945A0559093}.Debug|x64.ActiveCfg = Debug|x64
		{287CD84C-7793-44A8-A103-6945A0559093}.Debug|x64.Build.0 = Debug|x64
		{287CD84C-7793-44A8-A103-6945A0559093}.Debug|x86.ActiveCfg = Debug|Win32
		{287CD84C-7793-44A8-A103-6945A0559093}.Debug|x86.Build.0 = Debug|Win32
		{287CD84C-7793-44A8-A103-6945A0559093}.Release|x64.ActiveCfg = Release|x64
		{287CD84C-7793-44A8-A103-6945A0559093}.Release|x64.Build.0 = Release|x64
		{287CD84C-7793-44A8-A103-6945A0559093}.Release|x86.ActiveCfg = Release|Win32
		{287CD84C-7793-44A8-A103-6945A0559093}.Release|x86.Build.0 = Release|Win32
		{FB0C52C4-6A85-4A8C-A368-A5C0A0CE4354}.Debug|x64.ActiveCfg = Debug|x64
		{FB0C52C4-6A85-4A8C-A368-A5C0A0CE4354}.Debug|x64.Build.0 = Debug|x64
		{FB0C52C4-6A85-4A8C-A368-A5C0A0CE4354}.Debug|x86.ActiveCfg = Debug|Win32
		{FB0C52C4-6A85-4A8C-A368-A5C0A0CE4354}.Debug|x86.Build.0 = Debug|Win32
		{FB0C52C4-6A85-4A8C-A368-A5C0A0CE4354}.Release|x64.ActiveCfg = Release|x64
		{FB0C52C4-6A85-4A8C-A368-A5C0A0CE4354}.Release|x64.Build.0 = Release|x64
		{FB0C52C4-6A85-4A8C-A368-A5C0A0CE4354}.Release|x86.ActiveCfg = Release|Win32
		{FB0C52C4-6A85-4A8C-A368-A5C0A0CE4354}.Release|x86.Build.0 = Release|Win32
		{AC1AC30E-2806-467C-A807-FF0D1FCF60EA}.Debug|x64.ActiveCfg = Debug|x64
		{AC1AC30E-2806-467C-A807-FF0D1FCF60EA}.Debug|x64.Build.0 = Debug|x64
		{AC1AC30E-2806-467C-A807-FF0D1FCF60EA}.Debug|x86.ActiveCfg = Debug|Win32
		{AC1AC30E-2806-467C-A807-FF0D1FCF60EA}.Debug|x86.Build.0 = Debug|Win32
		{AC1AC30E-2806-467C-A807-FF0D1FCF60EA}.Release|x64.ActiveCfg = Release|x64
		{AC1AC30E-2806-467C-A807-FF0D1FCF60EA}.Release|x64.Build.0 = Release|x64
		{AC1AC30E-2806-467C-A807-FF0D1FCF60EA}.Release|x86.ActiveCfg = Release|Win32
		{AC1AC30E-2806-467C-A807-FF0D1FCF60EA}.Release|x86.Build.0 = Release|Win32
		{D4A4927C-33A8-45C1-916B-3DF73E5B400A}.Debug|x64.ActiveCfg = Debug|x64
		{D4A4927C-33A8-45C1-916B-3DF73E5B400A}.Debug|x64.Build.0 = Debug|x64
		{D4A4927C-33A8-45C1-916B-3DF73E5B400A}.Debug|x86.ActiveCfg = Debug|Win32
		{D4A4927C-33A8-45C1-916B-3DF73E5B400A}.Debug|x86.Build.0 = Debug|Win32
		{D4A4927C-33A8-45C1-916B-3DF73E5B400A}.Release|x64.ActiveCfg = Release|x64
		{D4A4927C-33A8-45C1-916B-3DF73E5B400A}.Release|x64.Build.0 = Release|x64
		{D4A4927C-33A8-45C1-916B-3DF73E5B400A}.Release|x86.ActiveCfg = Release|Win32
		{D4A4927C-33A8-45C1-916B-3DF73E5B400A}.Release|x86.Build.0 = Release|Win32
		{E28086BA-F257-455A-BF3B-9E7CF3ACF008}.Debug|x64.ActiveCfg = Debug|x64
		{E28086BA-F257-455A-BF3B-9E7CF3ACF008}.Debug|x64.Build.0 = Debug|x64
		{E28086BA-F257-455A-BF3B-9E7CF3ACF008}.Debug|x86.ActiveCfg = Debug|Win32
		{E28086BA-F257-455A-BF3B-9E7CF3ACF008}.Debug|x86.Build.0 = Debug|Win32
		{E28086BA-F257-455A-BF3B-9E7CF3ACF008}.Release|x64.ActiveCfg = Release|x64
		{E28086BA-F257-455A-BF3B-9E7CF3ACF008}.Release|x64.Build.0 = Release|x64
		{E28086BA-F257-455A-BF3B-9E7CF3ACF008}.Release|x86.ActiveCfg = Release|Win32
		{E28086BA-F257-455A-BF3B-9E7CF3ACF008}.Release|x86.Build.0 = Release|Win32
		{B241B076-2881-492D-83FC-7EB4CB31569B}.Debug|x64.ActiveCfg = Debug|x64
		{B241B076-2881-492D-83FC-7EB4CB31569B}.Debug|x64.Build.0 = Debug|x64
		{B241B076-2881-492D-83FC-7EB4CB31569B}.Debug|x86.ActiveCfg = Debug|Win32
		{B241B076-2881-492D-83FC-7EB4CB31569B}.Debug|x86.Build.0 = Debug|Win32
		{B241B076-2881-492D-83FC-7EB4CB31569B}.Release|x64.ActiveCfg = Release|x64
		{B241B076-2881-492D-83FC-7EB4CB31569B}.Release|x64.Build.0 = Release|x64
		{B241B076-2881-492D-83FC-7EB4CB31569B}.Release|x86.ActiveCfg = Release|Win32
		{B241B076-2881-492D-83FC-7EB4CB31569B}.Release|x86.Build.0 = Release|Win32
		{27825A5D-367F-42F3-B8B4-D9FFFA12F89D}.Debug|x64.ActiveCfg = Debug|x64
		{27825A5D-367F-42F3-B8B4-D9FFFA12F89D}.Debug|x64.Build.0 = Debug|x64
		{27825A5D-367F-42F3-B8B4-D9FFFA12F89D}.Debug|x86.ActiveCfg = Debug|Win32
		{27825A5D-367F-42F3-B8B4-D9FFFA12F89D}.Debug|x86.Build.0 = Debug|Win32
		{27825A5D-367F-42F3-B8B4-D9FFFA12F89D}.Release|x64.ActiveCfg = Release|x64
		{27825A5D-367F-42F3-B8B4-D9FFFA12F89D}.Release|x64.Build.0 = Release|x64
		{27825A5D-367F-42F3-B8B4-D9FFFA12F89D}.Release|x86.ActiveCfg = Release|Win32
		{27825A5D-367F-42F3-B8B4-D9FFFA12F89D}.Release|x86.Build.0 = Release|Win32
		{952C6B3E-836C-429D-89E1-63DDEDCE49EA}.Debug|x64.ActiveCfg = Debug|x64
		{952C6B3E-836C-429D-89E1-63DDEDCE49EA}.Debug|x64.Build.0 = Debug|x64
		{952C6B3E-836C-429D-89E1-63DDEDCE49EA}.Debug|x86.ActiveCfg = Debug|Win32
		{952C6B3E-836C-429D-89E1-63DDEDCE49EA}.Debug|x86.Build.0 = Debug|Win32
		{952C6B3E-836C-429D-89E1-63DDEDCE49EA}.Release|x64.ActiveCfg = Release|x64
		{952C6B3E-836C-429D-89E1-63DDEDCE49EA}.Release|x64.Build.0 = Release|x64
		{952C6B3E-836C-429D-89E1-63DDEDCE49EA}.Release|x86.ActiveCfg = Release|Win32
		{952C6B3E-836C-429D-89E1-63DDEDCE49EA}.Release|x86.Build.0 = Release|Win32
		{4487E2CE-2D12-4BEB-A6FD-178DF1214DCD}.Debug|x64.ActiveCfg = Debug|x64
		{4487E2CE-2D12-4BEB-A6FD-178DF1214DCD}.Debug|x64.Build.0 = Debug|x64
		{4487E2CE-2D12-4BEB-A6FD-178DF1214DCD}.Debug|x86.ActiveCfg = Debug|Win32
		{4487E2CE-2D12-4BEB-A6FD-178DF1214DCD}.Debug|x86.Build.0 = Debug|Win32
		{4487E2CE-2D12-4BEB-A6FD-178DF1214DCD}.Release|x64.ActiveCfg = Release|x64
		{4487E2CE-2D12-4BEB-A6FD-178DF1214DCD}.Release|x64.Build.0 = Release|x64
		{4487E2CE-2D12-4BEB-A6FD-178DF1214DCD}.Release|x86.ActiveCfg = Release|Win32
		{4487E2CE-2D12-4BEB-A6FD-178DF1214DCD}.Release|x86.Build.0 = Release|Win32
		{794D8462-6A5C-47B9-A87E-71EFD397D085}.Debug|x64.ActiveCfg = Debug|x64
		{794D8462-6A5C-47B9-A87E-71EFD397D085}.Debug|x64.Build.0 = Debug|x64
		{794D8462-6A5C-47B9-A87E-71EFD397D085}.Debug|x86.ActiveCfg = Debug|Win32
		{794D8462-6A5C-47B9-A87E-71EFD397D085}.Debug|x86.Build.0 = Debug|Win32
		{794D8462-6A5C-47B9-A87E-71EFD397D085}.Release|x64.ActiveCfg = Release|x64
		{794D8462-6A5C-47B9-A87E-71EFD397D085}.Release|x64.Build.0 = Release|x64
		{794D8462-6A5C-47B9-A87E-71EFD397D085}.Release|x86.ActiveCfg = Release|Win32
		{794D8462-6A5C-47B9-A87E-71EFD397D085}.Release|x86.Build.0 = Release|Win32
		{3CBE0821-4154-4086-8A52-65DF2D36606F}.Debug|x64.ActiveCfg = Debug|x64
		{3CBE0821-4154-4086-8A52-65DF2D36606F}.Debug|x64.Build.0 = Debug|x64
		{3CBE0821-4154-4086-8A52-65DF2D36606F}.Debug|x86.ActiveCfg = Debug|Win32
		{3CBE0821-4154-4086-8A52-65DF2D36606F}.Debug|x86.Build.0 = Debug|Win32
		{3CBE0821-4154-4086-8A52-65DF2D36606F}.Release|x64.ActiveCfg = Release|x64
		{3CBE0821-4154-4086-8A52-65DF2D36606F}.Release|x64.Build.0 = Release|x64
		{3CBE0821-4154-4086-8A52-65DF2D36606F}.Release|x86.ActiveCfg = Release|Win32
		{3CBE0821-4154-4086-8A52-65DF2D36606F}.Release|x86.Build.0 = Release|Win32
		{BD73485F-CB8B-41BB-A1CB-E8CADAE7085B}.Debug|x64.ActiveCfg = Debug|x64
		{BD73485F-CB8B-41BB-A1CB-E8CADAE7085B}.Debug|x64.Build.0 = Debug|x64
		{BD73485F-CB8B-41BB-A1CB-E8CADAE7085B}.Debug|x86.ActiveCfg = Debug|Win32
		{BD73485F-CB8B-41BB-A1CB-E8CADAE7085B}.Debug|x86.Build.0 = Debug|Win32
		{BD73485F-CB8B-41BB-A1CB-E8CADAE7085B}.Release|x64.ActiveCfg = Release|x64
		{BD73485F-CB8B-41BB-A1CB-E8CADAE7085B}.Release|x64.Build.0 = Release|x64
		{BD73485F-CB8B-41BB-A1CB-E8CADAE7085B}.Release|x86.ActiveCfg = Release|Win32
		{BD73485F-CB8B-41BB-A1CB-E8CADAE7085B}.Release|x86.Build.0 = Release|Win32
		{AAD94E28-0002-4514-B079-8ED8B4F2B581}.Debug|x64.ActiveCfg = Debug|x64
		{AAD94E28-0002-4514-B079-8ED8B4F2B581}.Debug|x64.Build.0 = Debug|x64
		{AAD94E28-0002-4514-B079-8ED8B4F2B581}.Debug|x86.ActiveCfg = Debug|Win32
		{AAD94E28-0002-4514-B079-8ED8B4F2B581}.Debug|x86.Build.0 = Debug|Win32
		{AAD94E28-0002-4514-B079-8ED8B4F2B581}.Release|x64.ActiveCfg = Release|x64
		{AAD94E28-0002-4514-B079-8ED8B4F2B581}.Release|x64.Build.0 = Release|x64
		{AAD94E28-0002-4514-B079-8ED8B4F2B581}.Release|x86.ActiveCfg = Release|Win32
		{AAD94E28-0002-4514-B079-8ED8B4F2B581}.Release|x86.Build.0 = Release|Win32
		{34484F88-0945-4474-9592-F63C05015859}.Debug|x64.ActiveCfg = Debug|x64
		{34484F88-0945-4474-9592-F63C05015859}.Debug|x64.Build.0 = Debug|x64
		{34484F88-0945-4474-9592-F63C05015859}.Debug|x86.ActiveCfg = Debug|Win32
		{34484F88-0945-4474-9592-F63C05015859}.Debug|x86.Build.0 = Debug|Win32
		{34484F88-0945-4474-9592-F63C05015859}.Release|x64.ActiveCfg = Release|x64
		{34484F88-0945-4474-9592-F63C05015859}.Release|x64.Build.0 = Release|x64
		{34484F88-0945-4474-9592-F63C05015859}.Release|x86.ActiveCfg = Release|Win32
		{34484F88-0945-4474-9592-F63C05015859}.Release|x86.Build.0 = Release|Win32
		{C9975624-9A98-4F8C-858F-F0659F6C463B}.Debug|x64.ActiveCfg = Debug|x64
		{C9975624-9A98-4F8C-858F-F0659F6C463B}.Debug|x64.Build.0 = Debug|x64
		{C9975624-9A98-4F8C-858F-F0659F6C463B}.Debug|x86.ActiveCfg = Debug|Win32
		{C9975624-9A98-4F8C-858F-F0659F6C463B}.Debug|x86.Build.0 = Debug|Win32
		{C9975624-9A98-4F8C-858F-F0659F6C463B}.Release|x64.ActiveCfg = Release|x64
		{C9975624-9A98-4F8C-858F-F0659F6C463B}.Release|x64.Build.0 = Release|x64
		{C9975624-9A98-4F8C-858F-F0659F6C463B}.Release|x86.ActiveCfg = Release|Win32
		{C9975624-9A98-4F8C-858F-F0659F6C463B}.Release|x86.Build.0 = Release|Win32
		{ABD235C9-B7FF-4B72-81E0-733BCDB02148}.Debug|x64.ActiveCfg = Debug|x64
		{ABD235C9-B7FF-4B72-81E0-733BCDB02148}.Debug|x64.Build.0 = Debug|x64
		{ABD235C9-B7FF-4B72-81E0-733BCDB02148}.Debug|x86.ActiveCfg = Debug|Win32
		{ABD235C9-B7FF-4B72-81E0-733BCDB02148}.Debug|x86.Build.0 = Debug|Win32
		{ABD235C9-B7FF-4B72-81E0-733BCDB02148}.Release|x64.ActiveCfg = Release|x64
		{ABD235C9-B7FF-4B72-81E0-733BCDB02148}.Release|x64.Build.0 = Release|x64
		{ABD235C9-B7FF-4B72-81E0-733BCDB02148}.Release|x86.ActiveCfg = Release|Win32
		{ABD235C9-B7FF-4B72-81E0-733BCDB02148}.Release|x86.Build.0 = Release|Win32
		{997852C0-DD2E-4625-A5C8-4724801E316A}.Debug|x64.ActiveCfg = Debug|x64
		{997852C0-DD2E-4625-A5C8-4724801E316A}.Debug|x64.Build.0 = Debug|x64
		{997852C0-DD2E-4625-A5C8-4724801E316A}.Debug|x86.ActiveCfg = Debug|Win32
		{997852C0-DD2E-4625-A5C8-4724801E316A}.Debug|x86.Build.0 = Debug|Win32
		{997852C0-DD2E-4625-A5C8-4724801E316A}.Release|x64.ActiveCfg = Release|x64
		{997852C0-DD2E-4625-A5C8-4724801E316A}.Release|x64.Build.0 = Release|x64
		{997852C0-DD2E-4625-A5C8-4724801E316A}.Release|x86.ActiveCfg = Release|Win32
		{997852C0-DD2E-4625-A5C8-4724801E316A}.Release|x86.Build.0 = Release|Win32
		{866BD67B-655C-420D-99BF-DA17C3349811}.Debug|x64.ActiveCfg = Debug|x64
		{866BD67B-655C-420D-99BF-DA17C3349811}.Debug|x64.Build.0 = Debug|x64
		{866BD67B-655C-420D-99BF-DA17C3349811}.Debug|x86.ActiveCfg = Debug|Win32
		{866BD67B-655C-420D-99BF-DA17C3349811}.Debug|x86.Build.0 = Debug|Win32
		{866BD67B-655C-420D-99BF-DA17C3349811}.Release|x64.ActiveCfg = Release|x64
		{866BD67B-655C-420D-99BF-DA17C3349811}.Release|x64.Build.0 = Release|x64
		{866BD67B-655C-420D-99BF-DA17C3349811}.Release|x86.ActiveCfg = Release|Win32
		{866BD67B-655C-420D-99BF-DA17C3349811}.Release|x86.Build.0 = Release|Win32
		{8DADED31-6995-4FCE-B544-B27C41B45989}.Debug|x64.ActiveCfg = Debug|x64
		{8DADED31-6995-4FCE-B544-B27C41B45989}.Debug|x64.Build.0 = Debug|x64
		{8DADED31-6995-4FCE-B544-B27C41B45989}.Debug|x86.ActiveCfg = Debug|Win32
		{8DADED31-6995-4FCE-B544-B27C41B45989}.Debug|x86.Build.0 = Debug|Win32
		{8DADED31-6995-4FCE-B544-B27C41B45989}.Release|x64.ActiveCfg = Release|x64
		{8DADED31-6995-4FCE-B544-B27C41B45989}.Release|x64.Build.0 = Release|x64
		{8DADED31-6995-4FCE-B544-B27C41B45989}.Release|x86.ActiveCfg = Release|Win32
		{8DADED31-6995-4FCE-B544-B27C41B45989}.Release|x86.Build.0 = Release|Win32
		{70B49E95-CE2A-4D87-B9E7-70496A9064D0}.Debug|x64.ActiveCfg = Debug|x64
		{70B49E95-CE2A-4D87-B9E7-70496A9064D0}.Debug|x64.Build.0 = Debug|x64
		{70B49E95-CE2A-4D87-B9E7-70496A9064D0}.Debug|x86.ActiveCfg = Debug|Win32
		{70B49E95-CE2A-4D87-B9E7-70496A9064D0}.Debug|x86.Build.0 = Debug|Win32
		{70B49E95-CE2A-4D87-B9E7-70496A9064D0}.Release|x64.ActiveCfg = Release|x64
		{70B49E95-CE2A-4D87-B9E7-70496A9064D0}.Release|x64.Build.0 = Release|x64
		{70B49E95-CE2A-4D87-B9E7-70496A9064D0}.Release|x86.ActiveCfg = Release|Win32
		{70B49E95-CE2A-4D87-B9E7-70496A9064D0}.Release|x86.Build.0 = Release|Win32
		{68A07E1C-5E4F-4FC9-BCAD-7D419A5FF377}.Debug|x64.ActiveCfg = Debug|x64
		{68A07E1C-5E4F-4FC9-BCAD-7D419A5FF377}.Debug|x64.Build.0 = Debug|x64
		{68A07E1C-5E4F-4FC9-BCAD-7D419A5FF377}.Debug|x86.ActiveCfg = Debug|Win32
		{68A07E1C-5E4F-4FC9-BCAD-7D419A5FF377}.Debug|x86.Build.0 = Debug|Win32
		{68A07E1C-5E4F-4FC9-BCAD-7D419A5FF377}.Release|x64.ActiveCfg = Release|x64
		{68A07E1C-5E4F-4FC9-BCAD-7D419A5FF377}.Release|x64.Build.0 = Release|x64
		{68A07E1C-5E4F-4FC9-BCAD-7D419A5FF377}.Release|x86.ActiveCfg = Release|Win32
		{68A07E1C-5E4F-4FC9-BCAD-7D419A5FF377}.Release|x86.Build.0 = Release|Win32
		{F4507546-D302-49A0-8BA5-35041C6D4239}.Debug|x64.ActiveCfg = Debug|x64
		{F4507546-D302-49A0-8BA5-35041C6D4239}.Debug|x64.Build.0 = Debug|x64
		{F4507546-D302-49A0-8BA5-35041C6D4239}.Debug|x86.ActiveCfg = Debug|Win32
		{F4507546-D302-49A0-8BA5-35041C6D4239}.Debug|x86.Build.0 = Debug|Win32
		{F4507546-D302-49A0-8BA5-35041C6D4239}.Release|x64.ActiveCfg = Release|x64
		{F4507546-D302-49A0-8BA5-35041C6D4239}.Release|x64.Build.0 = Release|x64
		{F4507546-D302-49A0-8BA5-35041C6D4239}.Release|x86.ActiveCfg = Release|Win32
		{F4507546-D302-49A0-8BA5-35041C6D4239}.Release|x86.Build.0 = Release|Win32
		{D19F2FC1-FD2F-4195-99A2-B12D96F1C148}.Debug|x64.ActiveCfg = Debug|x64
		{D19F2FC1-FD2F-4195-99A2-B12D96F1C148}.Debug|x64.Build.0 = Debug|x64
		{D19F2FC1-FD2F-4195-99A2-B12D96F1C148}.Debug|x86.ActiveCfg = Debug|Win32
		{D19F2FC1-FD2F-4195-99A2-B12D96F1C148}.Debug|x86.Build.0 = Debug|Win32
		{D19F2FC1-FD2F-4195-99A2-B12D96F1C148}.Release|x64.ActiveCfg = Release|x64
		{D19F2FC1-FD2F-4195-99A2-B12D96F1C148}.Release|x64.Build.0 = Release|x64
		{D19F2FC1-FD2F-4195-99A2-B12D96F1C148}.Release|x86.ActiveCfg = Release|Win32
		{D19F2FC1-FD2F-4195-99A2-B12D96F1C148}.Release|x86.Build.0 = Release|Win32
		{EF232E43-BD7F-4A67-926C-612324870035}.Debug|x64.ActiveCfg = Debug|x64
		{EF232E43-BD7F-4A67-926C-612324870035}.Debug|x64.Build.0 = Debug|x64
		{EF232E43-BD7F-4A67-926C-612324870035}.Debug|x86.ActiveCfg = Debug|Win32
		{EF232E43-BD7F-4A67-926C-612324870035}.Debug|x86.Build.0 = Debug|Win32
		{EF232E43-BD7F-4A67-926C-612324870035}.Release|x64.ActiveCfg = Release|x64
		{EF232E43-BD7F-4A67-926C-612324870035}.Release|x64.Build.0 = Release|x64
		{EF232E43-BD7F-4A67-926C-612324870035}.Release|x86.ActiveCfg = Release|Win32
		{EF232E43-BD7F-4A67-926C-612324870035}.Release|x86.Build.0 = Release|Win32
		{9D6F47BB-D086-4BB3-AF3B-677028C1B917}.Debug|x64.ActiveCfg = Debug|x64
		{9D6F47BB-D086-4BB3-AF3B-677028C1B917}.Debug|x64.Build.0 = Debug|x64
		{9D6F47BB-D086-4BB3-AF3B-677028C1B917}.Debug|x86.ActiveCfg = Debug|Win32
		{9D6F47BB-D086-4BB3-AF3B-677028C1B917}.Debug|x86.Build.0 = Debug|Win32
		{9D6F47BB-D086-4BB3-AF3B-677028C1B917}.Release|x64.ActiveCfg = Release|x64
		{9D6F47BB-D086-4BB3-AF3B-677028C1B917}.Release|x64.Build.0 = Release|x64
		{9D6F47BB-D086-4BB3-AF3B-677028C1B917}.Release|x86.ActiveCfg = Release|Win32
		{9D6F47BB-D086-4BB3-AF3B-677028C1B917}.Release|x86.Build.0 = Release|Win32
		{4E33C35D-0AE3-4E7E-A586-DEC73B26BB45}.Debug|x64.ActiveCfg = Debug|x64
		{4E33C35D-0AE3-4E7E-A586-DEC73B26BB45}.Debug|x64.Build.0 = Debug|x64
		{4E33C35D-0AE3-4E7E-A586-DEC73B26BB45}.Debug|x86.ActiveCfg = Debug|Win32
		{4E33C35D-0AE3-4E7E-A586-DEC73B26BB45}.Debug|x86.Build.0 = Debug|Win32
		{4E33C35D-0AE3-4E7E-A586-DEC73B26BB45}.Release|x64.ActiveCfg = Release|x64
		{4E33C35D-0AE3-4E7E-A586-DEC73B26BB45}.Release|x64.Build.0 = Release|x64
		{4E33C35D-0AE3-4E7E-A586-DEC73B26BB45}.Release|x86.ActiveCfg = Release|Win32
		{4E33C35D-0AE3-4E7E-A586-DEC73B26BB45}.Release|x86.Build.0 = Release|Win32
		{4EACA7DE-D7B1-4D90-B8F7-640342FC1EF7}.Debug|x64.ActiveCfg = Debug|x64
		{4EACA7DE-D7B1-4D90-B8F7-640342FC1EF7}.Debug|x64.Build.0 = Debug|x64
		{4EACA7DE-D7B1-4D90-B8F7-640342FC1EF7}.Debug|x86.ActiveCfg = Debug|Win32
		{4EACA7DE-D7B1-4D90-B8F7-640342FC1EF7}.Debug|x86.Build.0 = Debug|Win32
		{4EACA7DE-D7B1-4D90-B8F7-640342FC1EF7}.Release|x64.ActiveCfg = Release|x64
		{4EACA7DE-D7B1-4D90-B8F7-640342FC1EF7}.Release|x64.Build.0 = Release|x64
		{4EACA7DE-D7B1-4D90-B8F7-640342FC1EF7}.Release|x86.ActiveCfg = Release|Win32
		{4EACA7DE-D7B1-4D90-B8F7-640342FC1EF7}.Release|x86.Build.0 = Release|Win32
		{3AED2B5E-4CA1-49ED-A3C4-B68EDA8145C4}.Debug|x64.ActiveCfg = Debug|x64
		{3AED2B5E-4CA1-49ED-A3C4-B68EDA8145C4}.Debug|x64.Build.0 = Debug|x64
		{3AED2B5E-4CA1-49ED-A3C4-B68EDA8145C4}.Debug|x86.ActiveCfg = Debug|Win32
		{3AED2B5E-4CA1-49ED-A3C4-B68EDA8145C4}.Debug|x86.Build.0 = Debug|Win32
		{3AED2B5E-4CA1-49ED-A3C4-B68EDA8145C4}.Release|x64.ActiveCfg = Release|x64
		{3AED2B5E-4CA1-49ED-A3C4-B68EDA8145C4}.Release|x64.Build.0 = Release|x64
		{3AED2B5E-4CA1-49ED-A3C4-B68EDA8145C4}.Release|x86.ActiveCfg = Release|Win32
		{3AED2B5E-4CA1-49ED-A3C4-B68EDA8145C4}.Release|x86.Build.0 = Release|Win32
		{7CDB6DBD-9FD6-4150-82E4-A810CD5AC9DA}.Debug|x64.ActiveCfg = Debug|x64
		{7CDB6DBD-9FD6-4150-82E4-A810CD5AC9DA}.Debug|x64.Build.0 = Debug|x64
		{7CDB6DBD-9FD6-4150-82E4-A810CD5AC9DA}.Debug|x86.ActiveCfg = Debug|Win32
		{7CDB6DBD-9FD6-4150-82E4-A810CD5AC9DA}.Debug|x86.Build.0 = Debug|Win32
		{7CDB6DBD-9FD6-4150-82E4-A810CD5AC9DA}.Release|x64.ActiveCfg = Release|x64
		{7CDB6DBD-9FD6-4150-82E4-A810CD5AC9DA}.Release|x64.Build.0 = Release|x64
		{7CDB6DBD-9FD6-4150-82E4-A810CD5AC9DA}.Release|x86.ActiveCfg = Release|Win32
		{7CDB6DBD-9FD6-4150-82E4-A810CD5AC9DA}.Release|x86.Build.0 = Release|Win32
		{5601DC02-5D9D-426D-9F10-D1BC143AC64E}.Debug|x64.ActiveCfg = Debug|x64
		{5601DC02-5D9D-426D-9F10-D1BC143AC64E}.Debug|x64.Build.0 = Debug|x64
		{5601DC02-5D9D-426D-9F10-D1BC143AC64E}.Debug|x86.ActiveCfg = Debug|Win32
		{5601DC02-5D9D-426D-9F10-D1BC143AC64E}.Debug|x86.Build.0 = Debug|Win32
		{5601DC02-5D9D-426D-9F10-D1BC143AC64E}.Release|x64.ActiveCfg = Release|x64
		{5601DC02-5D9D-426D-9F10-D1BC143AC64E}.Release|x64.Build.0 = Release|x64
		{5601DC02-5D9D-426D-9F10-D1BC143AC64E}.Release|x86.ActiveCfg = Release|Win32
		{5601DC02-5D9D-426D-9F10-D1BC143AC64E}.Release|x86.Build.0 = Release|Win32
		{79DAB133-1EF8-46E8-81B0-6403E71052FC}.Debug|x64.ActiveCfg = Debug|x64
		{79DAB133-1EF8-46E8-81B0-6403E71052FC}.Debug|x64.Build.0 = Debug|x64
		{79DAB133-1EF8-46E8-81B0-6403E71052FC}.Debug|x86.ActiveCfg = Debug|Win32
		{79DAB133-1EF8-46E8-81B0-6403E71052FC}.Debug|x86.Build.0 = Debug|Win32
		{79DAB133-1EF8-46E8-81B0-6403E71052FC}.Release|x64.ActiveCfg = Release|x64
		{79DAB133-1EF8-46E8-81B0-6403E71052FC}.Release|x64.Build.0 = Release|x64
		{79DAB133-1EF8-46E8-81B0-6403E71052FC}.Release|x86.ActiveCfg = Release|Win32
		{79DAB133-1EF8-46E8-81B0-6403E71052FC}.Release|x86.Build.0 = Release|Win32
		{8BCADD8F-CC4E-4042-9657-D217798F2FEA}.Debug|x64.ActiveCfg = Debug|x64
		{8BCADD8F-CC4E-4042-9657-D217798F2FEA}.Debug|x64.Build.0 = Debug|x64
		{8BCADD8F-CC4E-4042-9657-D217798F2FEA}.Debug|x86.ActiveCfg = Debug|Win32
		{8BCADD8F-CC4E-4042-9657-D217798F2FEA}.Debug|x86.Build.0 = Debug|Win32
		{8BCADD8F-CC4E-4042-9657-D217798F2FEA}.Release|x64.ActiveCfg = Release|x64
		{8BCADD8F-CC4E-4042-9657-D217798F2FEA}.Release|x64.Build.0 = Release|x64
		{8BCADD8F-CC4E-4042-9657-D217798F2FEA}.Release|x86.ActiveCfg = Release|Win32
		{8BCADD8F-CC4E-4042-9657-D217798F2FEA}.Release|x86.Build.0 = Release|Win32
		{84B680ED-C3C3-46B0-9CCF-5AE3A6CB5EA4}.Debug|x64.ActiveCfg = Debug|x64
		{84B680ED-C3C3-46B0-9CCF-5AE3A6CB5EA4}.Debug|x64.Build.0 = Debug|x64
		{84B680ED-C3C3-46B0-9CCF-5AE3A6CB5EA4}.Debug|x86.ActiveCfg = Debug|Win32
		{84B680ED-C3C3-46B0-9CCF-5AE3A6CB5EA4}.Debug|x86.Build.0 = Debug|Win32
		{84B680ED-C3C3-46B0-9CCF-5AE3A6CB5EA4}.Release|x64.ActiveCfg = Release|x64
		{84B680ED-C3C3-46B0-9CCF-5AE3A6CB5EA4}.Release|x64.Build.0 = Release|x64
		{84B680ED-C3C3-46B0-9CCF-5AE3A6CB5EA4}.Release|x86.ActiveCfg = Release|Win32
		{84B680ED-C3C3-46B0-9CCF-5AE3A6CB5EA4}.Release|x86.Build.0 = Release|Win32
		{86E65EC6-9BBB-4A4F-89F7-47E599AC266C}.Debug|x64.ActiveCfg = Debug|x64
		{86E65EC6-9BBB-4A4F-89F7-47E599AC266C}.Debug|x64.Build.0 = Debug|x64
		{86E65EC6-9BBB-4A4F-89F7-47E599AC266C}.Debug|x86.ActiveCfg = Debug|Win32
		{86E65EC6-9BBB-4A4F-89F7-47E599AC266C}.Debug|x86.Build.0 = Debug|Win32
		{86E65EC6-9BBB-4A4F-89F7-47E599AC266C}.Release|x64.ActiveCfg = Release|x64
		{86E65EC6-9BBB-4A4F-89F7-47E599AC266C}.Release|x64.Build.0 = Release|x64
		{86E65EC6-9BBB-4A4F-89F7-47E599AC266C}.Release|x86.ActiveCfg = Release|Win32
		{86E65EC6-9BBB-4A4F-89F7-47E599AC266C}.Release|x86.Build.0 = Release|Win32
		{2F4773F6-FE44-4B6B-85B2-1CCD36E581FC}.Debug|x64.ActiveCfg = Debug|x64
		{2F4773F6-FE44-4B6B-85B2-1CCD36E581FC}.Debug|x64.Build.0 = Debug|x64
		{2F4773F6-FE44-4B6B-85B2-1CCD36E581FC}.Debug|x86.ActiveCfg = Debug|Win32
		{2F4773F6-FE44-4B6B-85B2-1CCD36E581FC}.Debug|x86.Build.0 = Debug|Win32
		{2F4773F6-FE44-4B6B-85B2-1CCD36E581FC}.Release|x64.ActiveCfg = Release|x64
		{2F4773F6-FE44-4B6B-85B2-1CCD36E581FC}.Release|x64.Build.0 = Release|x64
		{2F4773F6-FE44-4B6B-85B2-1CCD36E581FC}.Release|x86.ActiveCfg = Release|Win32
		{2F4773F6-FE44-4B6B-85B2-1CCD36E581FC}.Release|x86.Build.0 = Release|Win32
		{35462B4F-C8F4-46F7-B1F3-DB5B5B980211}.Debug|x64.ActiveCfg = Debug|x64
		{35462B4F-C8F4-46F7-B1F3-DB5B5B980211}.Debug|x64.Build.0 = Debug|x64
		{35462B4F-C8F4-46F7-B1F3-DB5B5B980211}.Debug|x86.ActiveCfg = Debug|Win32
		{35462B4F-C8F4-46F7-B1F3-DB5B5B980211}.Debug|x86.Build.0 = Debug|Win32
		{35462B4F-C8F4-46F7-B1F3-DB5B5B980211}.Release|x64.ActiveCfg = Release|x64
		{35462B4F-C8F4-46F7-B1F3-DB5B5B980211}.Release|x64.Build.0 = Release|x64
		{35462B4F-C8F4-46F7-B1F3-DB5B5B980211}.Release|x86.ActiveCfg = Release|Win32
		{35462B4F-C8F4-46F7-B1F3-DB5B5B980211}.Release|x86.Build.0 = Release|Win32
		{6D883129-5C44-489D-84EB-1F1EF34F292F}.Debug|x64.ActiveCfg = Debug|x64
		{6D883129-5C44-489D-84EB-1F1EF34F292F}.Debug|x64.Build.0 = Debug|x64
		{6D883129-5C44-489D-84EB-1F1EF34F292F}.Debug|x86.ActiveCfg = Debug|Win32
		{6D883129-5C44-489D-84EB-1F1EF34F292F}.Debug|x86.Build.0 = Debug|Win32
		{6D883129-5C44-489D-84EB-1F1EF34F292F}.Release|x64.ActiveCfg = Release|x64
		{6D883129-5C44-489D-84EB-1F1EF34F292F}.Release|x64.Build.0 = Release|x64
		{6D883129-5C44-489D-84EB-1F1EF34F292F}.Release|x86.ActiveCfg = Release|Win32
		{6D883129-5C44-489D-84EB-1F1EF34F292F}.Release|x86.Build.0 = Release|Win32
		{ED53DB85-6BC1-4C78-87FE-F390DDDDEE07}.Debug|x64.ActiveCfg = Debug|x64
		{ED53DB85-6BC1-4C78-87FE-F390DDDDEE07}.Debug|x64.Build.0 = Debug|x64
		{ED53DB85-6BC1-4C78-87FE-F390DDDDEE07}.Debug|x86.ActiveCfg = Debug|Win32
		{ED53DB85-6BC1-4C78-87FE-F390DDDDEE07}.Debug|x86.Build.0 = Debug|Win32
		{ED53DB85-6BC1-4C78-87FE-F390DDDDEE07}.Release|x64.ActiveCfg = Release|x64
		{ED53DB85-6BC1-4C78-87FE-F390DDDDEE07}.Release|x64.Build.0 = Release|x64
		{ED53DB85-6BC1-4C78-87FE-F390DDDDEE07}.Release|x86.ActiveCfg = Release|Win32
		{ED53DB85-6BC1-4C78-87FE-F390DDDDEE07}.Release|x86.Build.0 = Release|Win32
		{E3F41E23-61F1-4CF3-986C-935423B43ED9}.Debug|x64.ActiveCfg = Debug|x64
		{E3F41E23-61F1-4CF3-986C-935423B43ED9}.Debug|x64.Build.0 = Debug|x64
		{E3F41E23-61F1-4CF3-986C-935423B43ED9}.Debug|x86.ActiveCfg = Debug|Win32
		{E3F41E23-61F1-4CF3-986C-935423B43ED9}.Debug|x86.Build.0 = Debug|Win32
		{E3F41E23-61F1-4CF3-986C-935423B43ED9}.Release|x64.ActiveCfg = Release|x64
		{E3F41E23-61F1-4CF3-986C-935423B43ED9}.Release|x64.Build.0 = Release|x64
		{E3F41E23-61F1-4CF3-986C-935423B43ED9}.Release|x86.ActiveCfg = Release|Win32
		{E3F41E23-61F1-4CF3-986C-935423B43ED9}.Release|x86.Build.0 = Release|Win32
		{02391F27-DC8A-4A48-BC4A-F402D679589F}.Debug|x64.ActiveCfg = Debug|x64
		{02391F27-DC8A-4A48-BC4A-F402D679589F}.Debug|x64.Build.0 = Debug|x64
		{02391F27-DC8A-4A48-BC4A-F402D679589F}.Debug|x86.ActiveCfg = Debug|Win32
		{02391F27-DC8A-4A48-BC4A-F402D679589F}.Debug|x86.Build.0 = Debug|Win32
		{02391F27-DC8A-4A48-BC4A-F402D679589F}.Release|x64.ActiveCfg = Release|x64
		{02391F27-DC8A-4A48-BC4A-F402D679589F}.Release|x64.Build.0 = Release|x64
		{02391F27-DC8A-4A48-BC4A-F402D679589F}.Release|x86.ActiveCfg = Release|Win32
		{02391F27-DC8A-4A48-BC4A-F402D679589F}.Release|x86.Build.0 = Release|Win32
		{D946818C-88CC-4F4C-8653-BB8388D7A491}.Debug|x64.ActiveCfg = Debug|x64
		{D946818C-88CC-4F4C-8653-BB8388D7A491}.Debug|x64.Build.0 = Debug|x64
		{D946818C-88CC-4F4C-8653-BB8388D7A491}.Debug|x86.ActiveCfg = Debug|Win32
		{D946818C-88CC-4F4C-8653-BB8388D7A491}.Debug|x86.Build.0 = Debug|Win32
		{D946818C-88CC-4F4C-8653-BB8388D7A491}.Release|x64.ActiveCfg = Release|x64
		{D946818C-88CC-4F4C-8653-BB8388D7A491}.Release|x64.Build.0 = Release|x64
		{D946818C-88CC-4F4C-8653-BB8388D7A491}.Release|x86.ActiveCfg = Release|Win32
		{D946818C-88CC-4F4C-8653-BB8388D7A491}.Release|x86.Build.0 = Release|Win32
		{3FEA75C2-1F36-46DA-9B70-58285DE9DAA5}.Debug|x64.ActiveCfg = Debug|x64
		{3FEA75C2-1F36-46DA-9B70-58285DE9DAA5}.Debug|x64.Build.0 = Debug|x64
		{3FEA75C2-1F36-46DA-9B70-58285DE9DAA5}.Debug|x86.ActiveCfg = Debug|Win32
		{3FEA75C2-1F36-46DA-9B70-58285DE9DAA5}.Debug|x86.Build.0 = Debug|Win32
		{3FEA75C2-1F36-46DA-9B70-58285DE9DAA5}.Release|x64.ActiveCfg = Release|x64
		{3FEA75C2-1F36-46DA-9B70-58285DE9DAA5}.Release|x64.Build.0 = Release|x64
		{3FEA75C2-1F36-46DA-9B70-58285DE9DAA5}.Release|x86.ActiveCfg = Release|Win32
		{3FEA75C2-1F36-46DA-9B70-58285DE9DAA5}.Release|x86.Build.0 = Release|Win32
		{AD7FE709-B831-42DC-84AC-BB7276103D9F}.Debug|x64.ActiveCfg = Debug|x64
		{AD7FE709-B831-42DC-84AC-BB7276103D9F}.Debug|x64.Build.0 = Debug|x64
		{AD7FE709-B831-42DC-84AC-BB7276103D9F}.Debug|x86.ActiveCfg = Debug|Win32
		{AD7FE709-B831-42DC-84AC-BB7276103D9F}.Debug|x86.Build.0 = Debug|Win32
		{AD7FE709-B831-42DC-84AC-BB7276103D9F}.Release|x64.ActiveCfg = Release|x64
		{AD7FE709-B831-42DC-84AC-BB7276103D9F}.Release|x64.Build.0 = Release|x64
		{AD7FE709-B831-42DC-84AC-BB7276103D9F}.Release|x86.ActiveCfg = Release|Win32
		{AD7FE709-B831-42DC-84AC-BB7276103D9F}.Release|x86.Build.0 = Release|Win32
		{D2CE8E80-689A-46DF-BEAA-3FCD8E4FB4D9}.Debug|x64.ActiveCfg = Debug|x64
		{D2CE8E80-689A-46DF-BEAA-3FCD8E4FB4D9}.Debug|x64.Build.0 = Debug|x64
		{D2CE8E80-689A-46DF-BEAA-3FCD8E4FB4D9}.Debug|x86.ActiveCfg = Debug|Win32
		{D2CE8E80-689A-46DF-BEAA-3FCD8E4FB4D9}.Debug|x86.Build.0 = Debug|Win32
		{D2CE8E80-689A-46DF-BEAA-3FCD8E4FB4D9}.Release|x64.ActiveCfg = Release|x64
		{D2CE8E80-689A-46DF-BEAA-3FCD8E4FB4D9}.Release|x64.Build.0 = Release|x64
		{D2CE8E80-689A-46DF-BEAA-3FCD8E4FB4D9}.Release|x86.ActiveCfg = Release|Win32
		{D2CE8E80-689A-46DF-BEAA-3FCD8E4FB4D9}.Release|x86.Build.0 = Release|Win32
		{E5145E00-6142-44B6-AA6F-7E37FF04E037}.Debug|x64.ActiveCfg = Debug|x64
		{E5145E00-6142-44B6-AA6F-7E37FF04E037}.Debug|x64.Build.0 = Debug|x64
		{E5145E00-6142-44B6-AA6F-7E37FF04E037}.Debug|x86.ActiveCfg = Debug|Win32
		{E5145E00-6142-44B6-AA6F-7E37FF04E037}.Debug|x86.Build.0 = Debug|Win32
		{E5145E00-6142-44B6-AA6F-7E37FF04E037}.Release|x64.ActiveCfg = Release|x64
		{E5145E00-6142-44B6-AA6F-7E37FF04E037}.Release|x64.Build.0 = Release|x64
		{E5145E00-6142-44B6-AA6F-7E37FF04E037}.Release|x86.ActiveCfg = Release|Win32
		{E5145E00-6142-44B6-AA6F-7E37FF04E037}.Release|x86.Build.0 = Release|Win32
		{498A28C8-D58F-425F-88A5-80CFD4F2EB49}.Debug|x64.ActiveCfg = Debug|x64
		{498A28C8-D58F-425F-88A5-80CFD4F2EB49}.Debug|x64.Build.0 = Debug|x64
		{498A28C8-D58F-425F-88A5-80CFD4F2EB49}.Debug|x86.ActiveCfg = Debug|Win32
		{498A28C8-D58F-425F-88A5-80CFD4F2EB49}.Debug|x86.Build.0 = Debug|Win32
		{498A28C8-D58F-425F-88A5-80CFD4F2EB49}.Release|x64.ActiveCfg = Release|x64
		{498A28C8-D58F-425F-88A5-80CFD4F2EB49}.Release|x64.Build.0 = Release|x64
		{498A28C8-D58F-425F-88A5-80CFD4F2EB49}.Release|x86.ActiveCfg = Release|Win32
		{498A28C8-D58F-425F-88A5-80CFD4F2EB49}.Release|x86.Build.0 = Release|Win32
		{EF5DDC6D-D3A0-478C-B1FB-19B3E4A6AE59}.Debug|x64.ActiveCfg = Debug|x64
		{EF5DDC6D-D3A0-478C-B1FB-19B3E4A6AE59}.Debug|x64.Build.0 = Debug|x64
		{EF5DDC6D-D3A0-478C-B1FB-19B3E4A6AE59}.Debug|x86.ActiveCfg = Debug|Win32
		{EF5DDC6D-D3A0-478C-B1FB-19B3E4A6AE59}.Debug|x86.Build.0 = Debug|Win32
		{EF5DDC6D-D3A0-478C-B1FB-19B3E4A6AE59}.Release|x64.ActiveCfg = Release|x64
		{EF5DDC6D-D3A0-478C-B1FB-19B3E4A6AE59}.Release|x64.Build.0 = Release|x64
		{EF5DDC6D-D3A0-478C-B1FB-19B3E4A6AE59}.Release|x86.ActiveCfg = Release|Win32
		{EF5DDC6D-D3A0-478C-B1FB-19B3E4A6AE59}.Release|x86.Build.0 = Release|Win32
		{1679E48D-C65A-494C-A03F-FCEC1696DEA8}.Debug|x64.ActiveCfg = Debug|x64
		{1679E48D-C65A-494C-A03F-FCEC1696DEA8}.Debug|x64.Build.0 = Debug|x64
		{1679E48D-C65A-494C-A03F-FCEC1696DEA8}.Debug|x86.ActiveCfg = Debug|Win32
		{1679E48D-C65A-494C-A03F-FCEC1696DEA8}.Debug|x86.Build.0 = Debug|Win32
		{1679E48D-C65A-494C-A03F-FCEC1696DEA8}.Release|x64.ActiveCfg = Release|x64
		{1679E48D-C65A-494C-A03F-FCEC1696DEA8}.Release|x64.Build.0 = Release|x64
		{1679E48D-C65A-494C-A03F-FCEC1696DEA8}.Release|x86.ActiveCfg = Release|Win32
		{1679E48D-C65A-494C-A03F-FCEC1696DEA8}.Release|x86.Build.0 = Release|Win32
		{99DF20E6-43E6-4788-A983-672637CB9E0B}.Debug|x64.ActiveCfg = Debug|x64
		{99DF20E6-43E6-4788-A983-672637CB9E0B}.Debug|x64.Build.0 = Debug|x64
		{99DF20E6-43E6-4788-A983-672637CB9E0B}.Debug|x86.ActiveCfg = Debug|Win32
		{99DF20E6-43E6-4788-A983-672637CB9E0B}.Debug|x86.Build.0 = Debug|Win32
		{99DF20E6-43E6-4788-A983-672637CB9E0B}.Release|x64.ActiveCfg = Release|x64
		{99DF20E6-43E6-4788-A983-672637CB9E0B}.Release|x64.Build.0 = Release|x64
		{99DF20E6-43E6-4788-A983-672637CB9E0B}.Release|x86.ActiveCfg = Release|Win32
		{99DF20E6-43E6-4788-A983-672637CB9E0B}.Release|x86.Build.0 = Release|Win32
		{F6841C01-0CEF-4D1E-917B-86BD7395172C}.Debug|x64.ActiveCfg = Debug|x64
		{F6841C01-0CEF-4D1E-917B-86BD7395172C}.Debug|x64.Build.0 = Debug|x64
		{F6841C01-0CEF-4D1E-917B-86BD7395172C}.Debug|x86.ActiveCfg = Debug|Win32
		{F6841C01-0CEF-4D1E-917B-86BD7395172C}.Debug|x86.Build.0 = Debug|Win32
		{F6841C01-0CEF-4D1E-917B-86BD7395172C}.Release|x64.ActiveCfg = Release|x64
		{F6841C01-0CEF-4D1E-917B-86BD7395172C}.Release|x64.Build.0 = Release|x64
		{F6841C01-0CEF-4D1E-917B-86BD7395172C}.Release|x86.ActiveCfg = Release|Win32
		{F6841C01-0CEF-4D1E-917B-86BD7395172C}.Release|x86.Build.0 = Release|Win32
		{C6CE7D9C-5279-4EF3-8E37-D449A9E8A666}.Debug|x64.ActiveCfg = Debug|x64
		{C6CE7D9C-5279-4EF3-8E37-D449A9E8A666}.Debug|x64.Build.0 = Debug|x64
		{C6CE7D9C-5279-4EF3-8E37-D449A9E8A666}.Debug|x86.ActiveCfg = Debug|Win32
		{C6CE7D9C-5279-4EF3-8E37-D449A9E8A666}.Debug|x86.Build.0 = Debug|Win32
		{C6CE7D9C-5279-4EF3-8E37-D449A9E8A666}.Release|x64.ActiveCfg = Release|x64
		{C6CE7D9C-5279-4EF3-8E37-D449A9E8A666}.Release|x64.Build.0 = Release|x64
		{C6CE7D9C-5279-4EF3-8E37-D449A9E8A666}.Release|x86.ActiveCfg = Release|Win32
		{C6CE7D9C-5279-4EF3-8E37-D449A9E8A666}.Release|x86.Build.0 = Release|Win32
		{7E53D0C1-F983-41F8-BC20-3FF6C1775699}.Debug|x64.ActiveCfg = Debug|x64
		{7E53D0C1-F983-41F8-BC20-3FF6C1775699}.Debug|x64.Build.0 = Debug|x64
		{7E53D0C1-F983-41F8-BC20-3FF6C1775699}.Debug|x86.ActiveCfg = Debug|Win32
		{7E53D0C1-F983-41F8-BC20-3FF6C1775699}.Debug|x86.Build.0 = Debug|Win32
		{7E53D0C1-F983-41F8-BC20-3FF6C1775699}.Release|x64.ActiveCfg = Release|x64
		{7E53D0C1-F983-41F8-BC20-3FF6C1775699}.Release|x64.Build.0 = Release|x64
		{7E53D0C1-F983-41F8-BC20-3FF6C1775699}.Release|x86.ActiveCfg = Release|Win32
		{7E53D0C1-F983-41F8-BC20-3FF6C1775699}.Release|x86.Build.0 = Release|Win32
		{3A3E4E6B-2DD2-4798-A632-F6D6629BC9C4}.Debug|x64.ActiveCfg = Debug|x64
		{3A3E4E6B-2DD2-4798-A632-F6D6629BC9C4}.Debug|x64.Build.0 = Debug|x64
		{3A3E4E6B-2DD2-4798-A632-F6D6629BC9C4}.Debug|x86.ActiveCfg = Debug|Win32
		{3A3E4E6B-2DD2-4798-A632-F6D6629BC9C4}.Debug|x86.Build.0 = Debug|Win32
		{3A3E4E6B-2DD2-4798-A632-F6D6629BC9C4}.Release|x64.ActiveCfg = Release|x64
		{3A3E4E6B-2DD2-4798-A632-F6D6629BC9C4}.Release|x64.Build.0 = Release|x64
		{3A3E4E6B-2DD2-4798-A632-F6D6629BC9C4}.Release|x86.ActiveCfg = Release|Win32
		{3A3E4E6B-2DD2-4798-A632-F6D6629BC9C4}.Release|x86.Build.0 = Release|Win32
		{BD39B682-E571-4E94-A1CF-8318E474326A}.Debug|x64.ActiveCfg = Debug|x64
		{BD39B682-E571-4E94-A1CF-8318E474326A}.Debug|x64.Build.0 = Debug|x64
		{BD39B682-E571-4E94-A1CF-8318E474326A}.Debug|x86.ActiveCfg = Debug|Win32
		{BD39B682-E571-4E94-A1CF-8318E474326A}.Debug|x86.Build.0 = Debug|Win32
		{BD39B682-E571-4E94-A1CF-8318E474326A}.Release|x64.ActiveCfg = Release|x64
		{BD39B682-E571-4E94-A1CF-8318E474326A}.Release|x64.Build.0 = Release|x64
		{BD39B682-E571-4E94-A1CF-8318E474326A}.Release|x86.ActiveCfg = Release|Win32
		{BD39B682-E571-4E94-A1CF-8318E474326A}.Release|x86.Build.0 = Release|Win32
		{CF7E0A45-81E0-4797-8F59-BA193E4E7A57}.Debug|x64.ActiveCfg = Debug|x64
		{CF7E0A45-81E0-4797-8F59-BA193E4E7A57}.Debug|x64.Build.0 = Debug|x64
		{CF7E0A45-81E0-4797-8F59-BA193E4E7A57}.Debug|x86.ActiveCfg = Debug|Win32
		{CF7E0A45-81E0-4797-8F59-BA193E4E7A57}.Debug|x86.Build.0 = Debug|Win32
		{CF7E0A45-81E0-4797-8F59-BA193E4E7A57}.Release|x64.ActiveCfg = Release|x64
		{CF7E0A45-81E0-4797-8F59-BA193E4E7A57}.Release|x64.Build.0 = Release|x64
		{CF7E0A45-81E0-4797-8F59-BA193E4E7A57}.Release|x86.ActiveCfg = Release|Win32
		{CF7E0A45-81E0-4797-8F59-BA193E4E7A57}.Release|x86.Build.0 = Release|Win32
	EndGlobalSection
	GlobalSection(SolutionProperties) = preSolution
		HideSolutionNode = FALSE
	EndGlobalSection
	GlobalSection(ExtensibilityGlobals) = postSolution
		SolutionGuid = {2AD8823C-2098-4376-AA86-D8408189237B}
	EndGlobalSection
EndGlobal
